{
  "name": "cs665_hw3_Ramirez",
  "lockfileVersion": 3,
  "requires": true,
  "packages": {
    "": {
      "dependencies": {
        "gridle": "^2.0.48"
      }
    },
    "node_modules/gridle": {
      "version": "2.0.48",
      "resolved": "https://registry.npmjs.org/gridle/-/gridle-2.0.48.tgz",
      "integrity": "sha512-y9Bl0BBU4mpr48tWFLV+lfriKxQEo3enF6jiZeYjzyDShz3MCYYGUam3cgNOGn/ktCMY2tt0AYhavNt7T0YtPw=="
    }
  }
}
